
Microsoft Visual Studio Solution File, Format Version 12.00
# Visual Studio Version 17
VisualStudioVersion = 17.0.31903.59
MinimumVisualStudioVersion = 10.0.40219.1
Project("{2150E333-8FDC-42A3-9474-1A3956D46DE8}") = "src", "src", "{1E0F35C6-8DC8-4466-8D09-73AB844597AD}"
EndProject
Project("{2150E333-8FDC-42A3-9474-1A3956D46DE8}") = "core", "core", "{D0BC2E85-C4ED-4899-8DEA-352005204CC5}"
EndProject
Project("{FAE04EC0-301F-11D3-BF4B-00C04F79EFBC}") = "pwnctl.kernel", "src\core\pwnctl.kernel\pwnctl.kernel.csproj", "{F8C565C0-DA31-4728-98D2-D8B317196D9E}"
EndProject
Project("{FAE04EC0-301F-11D3-BF4B-00C04F79EFBC}") = "pwnctl.domain", "src\core\pwnctl.domain\pwnctl.domain.csproj", "{9F8356CF-88F0-4330-9A68-6C896F1C3C1E}"
EndProject
Project("{FAE04EC0-301F-11D3-BF4B-00C04F79EFBC}") = "pwnctl.app", "src\core\pwnctl.app\pwnctl.app.csproj", "{B0B5677F-4FD4-4BB5-8DDF-F3EAD6C6A01F}"
EndProject
Project("{FAE04EC0-301F-11D3-BF4B-00C04F79EFBC}") = "pwnctl.infra", "src\core\pwnctl.infra\pwnctl.infra.csproj", "{E291C79B-0CA0-4369-B30D-5DC47A99742F}"
EndProject
Project("{FAE04EC0-301F-11D3-BF4B-00C04F79EFBC}") = "pwnctl.dto", "src\pwnctl.dto\pwnctl.dto.csproj", "{A06FD834-9804-485E-B8E5-6C842768F3EF}"
EndProject
Project("{FAE04EC0-301F-11D3-BF4B-00C04F79EFBC}") = "pwnctl.api", "src\pwnctl.api\pwnctl.api.csproj", "{0F4725BB-1CF6-469E-B79B-52E641CE0845}"
EndProject
Project("{FAE04EC0-301F-11D3-BF4B-00C04F79EFBC}") = "pwnctl.cli", "src\pwnctl.cli\pwnctl.cli.csproj", "{BBF8763F-5FEF-418E-99E5-3983EE10AB64}"
EndProject
Project("{2150E333-8FDC-42A3-9474-1A3956D46DE8}") = "test", "test", "{67D51D49-F4FB-4DB4-9F14-A260635F5351}"
EndProject
Project("{FAE04EC0-301F-11D3-BF4B-00C04F79EFBC}") = "pwnctl.domain.test.unit", "test\pwnctl.domain.test.unit\pwnctl.domain.test.unit.csproj", "{F40B5BA4-D6AF-4508-917D-2487467D3061}"
EndProject
Project("{FAE04EC0-301F-11D3-BF4B-00C04F79EFBC}") = "pwnctl.app.test.unit", "test\pwnctl.app.test.unit\pwnctl.app.test.unit.csproj", "{986902BB-D63D-4874-8530-6C9DFA4F47C1}"
EndProject
Project("{FAE04EC0-301F-11D3-BF4B-00C04F79EFBC}") = "pwnctl.proc.test.int", "test\pwnctl.proc.test.int\pwnctl.proc.test.int.csproj", "{26B1FA98-955B-4306-9248-CFF7C4EF617D}"
EndProject
Project("{FAE04EC0-301F-11D3-BF4B-00C04F79EFBC}") = "pwnctl.proc", "src\core\pwnctl.proc\pwnctl.proc.csproj", "{4B2C0E2B-14CD-4116-9A44-E25060230850}"
EndProject
Project("{FAE04EC0-301F-11D3-BF4B-00C04F79EFBC}") = "pwnctl.exec.test.int", "test\pwnctl.exec.test.int\pwnctl.exec.test.int.csproj", "{AB183FED-DBA3-4067-9D8A-62A3BDD83CC6}"
EndProject
Project("{2150E333-8FDC-42A3-9474-1A3956D46DE8}") = "pwnctl.exec", "pwnctl.exec", "{0C31BB16-551D-499D-990D-9ED63462C8FD}"
EndProject
Project("{FAE04EC0-301F-11D3-BF4B-00C04F79EFBC}") = "pwnctl.exec.shortlived", "src\core\pwnctl.exec\shortlived\pwnctl.exec.shortlived.csproj", "{CBB4F4B4-A669-420B-B6C4-20B71C37BB40}"
EndProject
Project("{FAE04EC0-301F-11D3-BF4B-00C04F79EFBC}") = "pwnctl.exec.longlived", "src\core\pwnctl.exec\longlived\pwnctl.exec.longlived.csproj", "{B9447E60-5515-4297-9173-7F68B416A649}"
EndProject
Global
	GlobalSection(SolutionConfigurationPlatforms) = preSolution
		Debug|Any CPU = Debug|Any CPU
		Release|Any CPU = Release|Any CPU
	EndGlobalSection
	GlobalSection(SolutionProperties) = preSolution
		HideSolutionNode = FALSE
	EndGlobalSection
	GlobalSection(ProjectConfigurationPlatforms) = postSolution
		{F8C565C0-DA31-4728-98D2-D8B317196D9E}.Debug|Any CPU.ActiveCfg = Debug|Any CPU
		{F8C565C0-DA31-4728-98D2-D8B317196D9E}.Debug|Any CPU.Build.0 = Debug|Any CPU
		{F8C565C0-DA31-4728-98D2-D8B317196D9E}.Release|Any CPU.ActiveCfg = Release|Any CPU
		{F8C565C0-DA31-4728-98D2-D8B317196D9E}.Release|Any CPU.Build.0 = Release|Any CPU
		{9F8356CF-88F0-4330-9A68-6C896F1C3C1E}.Debug|Any CPU.ActiveCfg = Debug|Any CPU
		{9F8356CF-88F0-4330-9A68-6C896F1C3C1E}.Debug|Any CPU.Build.0 = Debug|Any CPU
		{9F8356CF-88F0-4330-9A68-6C896F1C3C1E}.Release|Any CPU.ActiveCfg = Release|Any CPU
		{9F8356CF-88F0-4330-9A68-6C896F1C3C1E}.Release|Any CPU.Build.0 = Release|Any CPU
		{B0B5677F-4FD4-4BB5-8DDF-F3EAD6C6A01F}.Debug|Any CPU.ActiveCfg = Debug|Any CPU
		{B0B5677F-4FD4-4BB5-8DDF-F3EAD6C6A01F}.Debug|Any CPU.Build.0 = Debug|Any CPU
		{B0B5677F-4FD4-4BB5-8DDF-F3EAD6C6A01F}.Release|Any CPU.ActiveCfg = Release|Any CPU
		{B0B5677F-4FD4-4BB5-8DDF-F3EAD6C6A01F}.Release|Any CPU.Build.0 = Release|Any CPU
		{E291C79B-0CA0-4369-B30D-5DC47A99742F}.Debug|Any CPU.ActiveCfg = Debug|Any CPU
		{E291C79B-0CA0-4369-B30D-5DC47A99742F}.Debug|Any CPU.Build.0 = Debug|Any CPU
		{E291C79B-0CA0-4369-B30D-5DC47A99742F}.Release|Any CPU.ActiveCfg = Release|Any CPU
		{E291C79B-0CA0-4369-B30D-5DC47A99742F}.Release|Any CPU.Build.0 = Release|Any CPU
		{A06FD834-9804-485E-B8E5-6C842768F3EF}.Debug|Any CPU.ActiveCfg = Debug|Any CPU
		{A06FD834-9804-485E-B8E5-6C842768F3EF}.Debug|Any CPU.Build.0 = Debug|Any CPU
		{A06FD834-9804-485E-B8E5-6C842768F3EF}.Release|Any CPU.ActiveCfg = Release|Any CPU
		{A06FD834-9804-485E-B8E5-6C842768F3EF}.Release|Any CPU.Build.0 = Release|Any CPU
		{0F4725BB-1CF6-469E-B79B-52E641CE0845}.Debug|Any CPU.ActiveCfg = Debug|Any CPU
		{0F4725BB-1CF6-469E-B79B-52E641CE0845}.Debug|Any CPU.Build.0 = Debug|Any CPU
		{0F4725BB-1CF6-469E-B79B-52E641CE0845}.Release|Any CPU.ActiveCfg = Release|Any CPU
		{0F4725BB-1CF6-469E-B79B-52E641CE0845}.Release|Any CPU.Build.0 = Release|Any CPU
		{BBF8763F-5FEF-418E-99E5-3983EE10AB64}.Debug|Any CPU.ActiveCfg = Debug|Any CPU
		{BBF8763F-5FEF-418E-99E5-3983EE10AB64}.Debug|Any CPU.Build.0 = Debug|Any CPU
		{BBF8763F-5FEF-418E-99E5-3983EE10AB64}.Release|Any CPU.ActiveCfg = Release|Any CPU
		{BBF8763F-5FEF-418E-99E5-3983EE10AB64}.Release|Any CPU.Build.0 = Release|Any CPU
		{F40B5BA4-D6AF-4508-917D-2487467D3061}.Debug|Any CPU.ActiveCfg = Debug|Any CPU
		{F40B5BA4-D6AF-4508-917D-2487467D3061}.Debug|Any CPU.Build.0 = Debug|Any CPU
		{F40B5BA4-D6AF-4508-917D-2487467D3061}.Release|Any CPU.ActiveCfg = Release|Any CPU
		{F40B5BA4-D6AF-4508-917D-2487467D3061}.Release|Any CPU.Build.0 = Release|Any CPU
		{986902BB-D63D-4874-8530-6C9DFA4F47C1}.Debug|Any CPU.ActiveCfg = Debug|Any CPU
		{986902BB-D63D-4874-8530-6C9DFA4F47C1}.Debug|Any CPU.Build.0 = Debug|Any CPU
		{986902BB-D63D-4874-8530-6C9DFA4F47C1}.Release|Any CPU.ActiveCfg = Release|Any CPU
		{986902BB-D63D-4874-8530-6C9DFA4F47C1}.Release|Any CPU.Build.0 = Release|Any CPU
		{26B1FA98-955B-4306-9248-CFF7C4EF617D}.Debug|Any CPU.ActiveCfg = Debug|Any CPU
		{26B1FA98-955B-4306-9248-CFF7C4EF617D}.Debug|Any CPU.Build.0 = Debug|Any CPU
		{26B1FA98-955B-4306-9248-CFF7C4EF617D}.Release|Any CPU.ActiveCfg = Release|Any CPU
		{26B1FA98-955B-4306-9248-CFF7C4EF617D}.Release|Any CPU.Build.0 = Release|Any CPU
		{4B2C0E2B-14CD-4116-9A44-E25060230850}.Debug|Any CPU.ActiveCfg = Debug|Any CPU
		{4B2C0E2B-14CD-4116-9A44-E25060230850}.Debug|Any CPU.Build.0 = Debug|Any CPU
		{4B2C0E2B-14CD-4116-9A44-E25060230850}.Release|Any CPU.ActiveCfg = Release|Any CPU
		{4B2C0E2B-14CD-4116-9A44-E25060230850}.Release|Any CPU.Build.0 = Release|Any CPU
		{AB183FED-DBA3-4067-9D8A-62A3BDD83CC6}.Debug|Any CPU.ActiveCfg = Debug|Any CPU
		{AB183FED-DBA3-4067-9D8A-62A3BDD83CC6}.Debug|Any CPU.Build.0 = Debug|Any CPU
		{AB183FED-DBA3-4067-9D8A-62A3BDD83CC6}.Release|Any CPU.ActiveCfg = Release|Any CPU
		{AB183FED-DBA3-4067-9D8A-62A3BDD83CC6}.Release|Any CPU.Build.0 = Release|Any CPU
		{CBB4F4B4-A669-420B-B6C4-20B71C37BB40}.Debug|Any CPU.ActiveCfg = Debug|Any CPU
		{CBB4F4B4-A669-420B-B6C4-20B71C37BB40}.Debug|Any CPU.Build.0 = Debug|Any CPU
		{CBB4F4B4-A669-420B-B6C4-20B71C37BB40}.Release|Any CPU.ActiveCfg = Release|Any CPU
		{CBB4F4B4-A669-420B-B6C4-20B71C37BB40}.Release|Any CPU.Build.0 = Release|Any CPU
		{B9447E60-5515-4297-9173-7F68B416A649}.Debug|Any CPU.ActiveCfg = Debug|Any CPU
		{B9447E60-5515-4297-9173-7F68B416A649}.Debug|Any CPU.Build.0 = Debug|Any CPU
		{B9447E60-5515-4297-9173-7F68B416A649}.Release|Any CPU.ActiveCfg = Release|Any CPU
		{B9447E60-5515-4297-9173-7F68B416A649}.Release|Any CPU.Build.0 = Release|Any CPU
	EndGlobalSection
	GlobalSection(NestedProjects) = preSolution
		{D0BC2E85-C4ED-4899-8DEA-352005204CC5} = {1E0F35C6-8DC8-4466-8D09-73AB844597AD}
		{F8C565C0-DA31-4728-98D2-D8B317196D9E} = {D0BC2E85-C4ED-4899-8DEA-352005204CC5}
		{9F8356CF-88F0-4330-9A68-6C896F1C3C1E} = {D0BC2E85-C4ED-4899-8DEA-352005204CC5}
		{B0B5677F-4FD4-4BB5-8DDF-F3EAD6C6A01F} = {D0BC2E85-C4ED-4899-8DEA-352005204CC5}
		{E291C79B-0CA0-4369-B30D-5DC47A99742F} = {D0BC2E85-C4ED-4899-8DEA-352005204CC5}
		{A06FD834-9804-485E-B8E5-6C842768F3EF} = {1E0F35C6-8DC8-4466-8D09-73AB844597AD}
		{0F4725BB-1CF6-469E-B79B-52E641CE0845} = {1E0F35C6-8DC8-4466-8D09-73AB844597AD}
		{BBF8763F-5FEF-418E-99E5-3983EE10AB64} = {1E0F35C6-8DC8-4466-8D09-73AB844597AD}
		{F40B5BA4-D6AF-4508-917D-2487467D3061} = {67D51D49-F4FB-4DB4-9F14-A260635F5351}
		{986902BB-D63D-4874-8530-6C9DFA4F47C1} = {67D51D49-F4FB-4DB4-9F14-A260635F5351}
		{26B1FA98-955B-4306-9248-CFF7C4EF617D} = {67D51D49-F4FB-4DB4-9F14-A260635F5351}
		{4B2C0E2B-14CD-4116-9A44-E25060230850} = {D0BC2E85-C4ED-4899-8DEA-352005204CC5}
		{AB183FED-DBA3-4067-9D8A-62A3BDD83CC6} = {67D51D49-F4FB-4DB4-9F14-A260635F5351}
		{0C31BB16-551D-499D-990D-9ED63462C8FD} = {D0BC2E85-C4ED-4899-8DEA-352005204CC5}
		{CBB4F4B4-A669-420B-B6C4-20B71C37BB40} = {0C31BB16-551D-499D-990D-9ED63462C8FD}
		{B9447E60-5515-4297-9173-7F68B416A649} = {0C31BB16-551D-499D-990D-9ED63462C8FD}
	EndGlobalSection
EndGlobal
