Microsoft Visual Studio Solution File, Format Version 12.00
# Visual Studio Version 17
VisualStudioVersion = 17.0.31825.309
MinimumVisualStudioVersion = 10.0.40219.1
Project("{2150E333-8FDC-42A3-9474-1A3956D46DE8}") = "src", "src", "{E2D9CB82-5DE7-4A61-89FC-C68F550970FA}"
EndProject
Project("{FAE04EC0-301F-11D3-BF4B-00C04F79EFBC}") = "pwnctl.domain", "src\core\pwnctl.domain\pwnctl.domain.csproj", "{2A34B7D1-4D6E-464C-92B1-E9F225D1131E}"
EndProject
Project("{FAE04EC0-301F-11D3-BF4B-00C04F79EFBC}") = "pwnctl.infra", "src\core\pwnctl.infra\pwnctl.infra.csproj", "{20AF76B1-450A-4003-8B35-F531E062AF07}"
EndProject
Project("{FAE04EC0-301F-11D3-BF4B-00C04F79EFBC}") = "pwnctl.svc", "src\core\pwnctl.svc\pwnctl.svc.csproj", "{8AA44C3C-5FE4-4527-AD6C-4E283C48E68A}"
EndProject
Project("{FAE04EC0-301F-11D3-BF4B-00C04F79EFBC}") = "pwnctl.api", "src\pwnctl.api\pwnctl.api.csproj", "{EDDD25DD-6B5B-4D94-9D09-AE621C7C8D9B}"
EndProject
Project("{FAE04EC0-301F-11D3-BF4B-00C04F79EFBC}") = "pwnctl.cli", "src\pwnctl.cli\pwnctl.cli.csproj", "{1033138D-92CB-42C5-B5C7-EE8B887734EA}"
EndProject
Project("{2150E333-8FDC-42A3-9474-1A3956D46DE8}") = "test", "test", "{E8E92169-80C2-4261-8581-5E3532730246}"
EndProject
Project("{FAE04EC0-301F-11D3-BF4B-00C04F79EFBC}") = "pwnctl.app.test.unit", "test\pwnctl.app.test.unit\pwnctl.app.test.unit.csproj", "{FE22348C-BDE9-4FF3-8955-951C1E0065F4}"
EndProject
Project("{2150E333-8FDC-42A3-9474-1A3956D46DE8}") = "core", "core", "{965D8DB0-EB7B-4243-B292-46D6B1472D33}"
EndProject
Project("{FAE04EC0-301F-11D3-BF4B-00C04F79EFBC}") = "pwnctl.infra.cdk", "src\core\pwnctl.infra.cdk\pwnctl.infra.cdk.csproj", "{0B3093F3-0548-4B5E-A5F5-444B8A6D9E8E}"
EndProject
Project("{FAE04EC0-301F-11D3-BF4B-00C04F79EFBC}") = "pwnctl.app", "src\core\pwnctl.app\pwnctl.app.csproj", "{93E479F6-3E23-4C7F-8965-EF2953956E81}"
EndProject
Project("{FAE04EC0-301F-11D3-BF4B-00C04F79EFBC}") = "pwnctl.kernel", "src\core\pwnctl.kernel\pwnctl.kernel.csproj", "{634D82FC-336A-4EDF-9DC8-12A58AF06365}"
EndProject
Global
	GlobalSection(SolutionConfigurationPlatforms) = preSolution
		Debug|Any CPU = Debug|Any CPU
		Debug|x64 = Debug|x64
		Debug|x86 = Debug|x86
		Release|Any CPU = Release|Any CPU
		Release|x64 = Release|x64
		Release|x86 = Release|x86
	EndGlobalSection
	GlobalSection(ProjectConfigurationPlatforms) = postSolution
		{2A34B7D1-4D6E-464C-92B1-E9F225D1131E}.Debug|Any CPU.ActiveCfg = Debug|Any CPU
		{2A34B7D1-4D6E-464C-92B1-E9F225D1131E}.Debug|Any CPU.Build.0 = Debug|Any CPU
		{2A34B7D1-4D6E-464C-92B1-E9F225D1131E}.Debug|x64.ActiveCfg = Debug|Any CPU
		{2A34B7D1-4D6E-464C-92B1-E9F225D1131E}.Debug|x64.Build.0 = Debug|Any CPU
		{2A34B7D1-4D6E-464C-92B1-E9F225D1131E}.Debug|x86.ActiveCfg = Debug|Any CPU
		{2A34B7D1-4D6E-464C-92B1-E9F225D1131E}.Debug|x86.Build.0 = Debug|Any CPU
		{2A34B7D1-4D6E-464C-92B1-E9F225D1131E}.Release|Any CPU.ActiveCfg = Release|Any CPU
		{2A34B7D1-4D6E-464C-92B1-E9F225D1131E}.Release|Any CPU.Build.0 = Release|Any CPU
		{2A34B7D1-4D6E-464C-92B1-E9F225D1131E}.Release|x64.ActiveCfg = Release|Any CPU
		{2A34B7D1-4D6E-464C-92B1-E9F225D1131E}.Release|x64.Build.0 = Release|Any CPU
		{2A34B7D1-4D6E-464C-92B1-E9F225D1131E}.Release|x86.ActiveCfg = Release|Any CPU
		{2A34B7D1-4D6E-464C-92B1-E9F225D1131E}.Release|x86.Build.0 = Release|Any CPU
		{20AF76B1-450A-4003-8B35-F531E062AF07}.Debug|Any CPU.ActiveCfg = Debug|Any CPU
		{20AF76B1-450A-4003-8B35-F531E062AF07}.Debug|Any CPU.Build.0 = Debug|Any CPU
		{20AF76B1-450A-4003-8B35-F531E062AF07}.Debug|x64.ActiveCfg = Debug|Any CPU
		{20AF76B1-450A-4003-8B35-F531E062AF07}.Debug|x64.Build.0 = Debug|Any CPU
		{20AF76B1-450A-4003-8B35-F531E062AF07}.Debug|x86.ActiveCfg = Debug|Any CPU
		{20AF76B1-450A-4003-8B35-F531E062AF07}.Debug|x86.Build.0 = Debug|Any CPU
		{20AF76B1-450A-4003-8B35-F531E062AF07}.Release|Any CPU.ActiveCfg = Release|Any CPU
		{20AF76B1-450A-4003-8B35-F531E062AF07}.Release|Any CPU.Build.0 = Release|Any CPU
		{20AF76B1-450A-4003-8B35-F531E062AF07}.Release|x64.ActiveCfg = Release|Any CPU
		{20AF76B1-450A-4003-8B35-F531E062AF07}.Release|x64.Build.0 = Release|Any CPU
		{20AF76B1-450A-4003-8B35-F531E062AF07}.Release|x86.ActiveCfg = Release|Any CPU
		{20AF76B1-450A-4003-8B35-F531E062AF07}.Release|x86.Build.0 = Release|Any CPU
		{8AA44C3C-5FE4-4527-AD6C-4E283C48E68A}.Debug|Any CPU.ActiveCfg = Debug|Any CPU
		{8AA44C3C-5FE4-4527-AD6C-4E283C48E68A}.Debug|Any CPU.Build.0 = Debug|Any CPU
		{8AA44C3C-5FE4-4527-AD6C-4E283C48E68A}.Debug|x64.ActiveCfg = Debug|Any CPU
		{8AA44C3C-5FE4-4527-AD6C-4E283C48E68A}.Debug|x64.Build.0 = Debug|Any CPU
		{8AA44C3C-5FE4-4527-AD6C-4E283C48E68A}.Debug|x86.ActiveCfg = Debug|Any CPU
		{8AA44C3C-5FE4-4527-AD6C-4E283C48E68A}.Debug|x86.Build.0 = Debug|Any CPU
		{8AA44C3C-5FE4-4527-AD6C-4E283C48E68A}.Release|Any CPU.ActiveCfg = Release|Any CPU
		{8AA44C3C-5FE4-4527-AD6C-4E283C48E68A}.Release|Any CPU.Build.0 = Release|Any CPU
		{8AA44C3C-5FE4-4527-AD6C-4E283C48E68A}.Release|x64.ActiveCfg = Release|Any CPU
		{8AA44C3C-5FE4-4527-AD6C-4E283C48E68A}.Release|x64.Build.0 = Release|Any CPU
		{8AA44C3C-5FE4-4527-AD6C-4E283C48E68A}.Release|x86.ActiveCfg = Release|Any CPU
		{8AA44C3C-5FE4-4527-AD6C-4E283C48E68A}.Release|x86.Build.0 = Release|Any CPU
		{EDDD25DD-6B5B-4D94-9D09-AE621C7C8D9B}.Debug|Any CPU.ActiveCfg = Debug|Any CPU
		{EDDD25DD-6B5B-4D94-9D09-AE621C7C8D9B}.Debug|Any CPU.Build.0 = Debug|Any CPU
		{EDDD25DD-6B5B-4D94-9D09-AE621C7C8D9B}.Debug|x64.ActiveCfg = Debug|Any CPU
		{EDDD25DD-6B5B-4D94-9D09-AE621C7C8D9B}.Debug|x64.Build.0 = Debug|Any CPU
		{EDDD25DD-6B5B-4D94-9D09-AE621C7C8D9B}.Debug|x86.ActiveCfg = Debug|Any CPU
		{EDDD25DD-6B5B-4D94-9D09-AE621C7C8D9B}.Debug|x86.Build.0 = Debug|Any CPU
		{EDDD25DD-6B5B-4D94-9D09-AE621C7C8D9B}.Release|Any CPU.ActiveCfg = Release|Any CPU
		{EDDD25DD-6B5B-4D94-9D09-AE621C7C8D9B}.Release|Any CPU.Build.0 = Release|Any CPU
		{EDDD25DD-6B5B-4D94-9D09-AE621C7C8D9B}.Release|x64.ActiveCfg = Release|Any CPU
		{EDDD25DD-6B5B-4D94-9D09-AE621C7C8D9B}.Release|x64.Build.0 = Release|Any CPU
		{EDDD25DD-6B5B-4D94-9D09-AE621C7C8D9B}.Release|x86.ActiveCfg = Release|Any CPU
		{EDDD25DD-6B5B-4D94-9D09-AE621C7C8D9B}.Release|x86.Build.0 = Release|Any CPU
		{1033138D-92CB-42C5-B5C7-EE8B887734EA}.Debug|Any CPU.ActiveCfg = Debug|Any CPU
		{1033138D-92CB-42C5-B5C7-EE8B887734EA}.Debug|Any CPU.Build.0 = Debug|Any CPU
		{1033138D-92CB-42C5-B5C7-EE8B887734EA}.Debug|x64.ActiveCfg = Debug|Any CPU
		{1033138D-92CB-42C5-B5C7-EE8B887734EA}.Debug|x64.Build.0 = Debug|Any CPU
		{1033138D-92CB-42C5-B5C7-EE8B887734EA}.Debug|x86.ActiveCfg = Debug|Any CPU
		{1033138D-92CB-42C5-B5C7-EE8B887734EA}.Debug|x86.Build.0 = Debug|Any CPU
		{1033138D-92CB-42C5-B5C7-EE8B887734EA}.Release|Any CPU.ActiveCfg = Release|Any CPU
		{1033138D-92CB-42C5-B5C7-EE8B887734EA}.Release|Any CPU.Build.0 = Release|Any CPU
		{1033138D-92CB-42C5-B5C7-EE8B887734EA}.Release|x64.ActiveCfg = Release|Any CPU
		{1033138D-92CB-42C5-B5C7-EE8B887734EA}.Release|x64.Build.0 = Release|Any CPU
		{1033138D-92CB-42C5-B5C7-EE8B887734EA}.Release|x86.ActiveCfg = Release|Any CPU
		{1033138D-92CB-42C5-B5C7-EE8B887734EA}.Release|x86.Build.0 = Release|Any CPU
		{FE22348C-BDE9-4FF3-8955-951C1E0065F4}.Debug|Any CPU.ActiveCfg = Debug|Any CPU
		{FE22348C-BDE9-4FF3-8955-951C1E0065F4}.Debug|Any CPU.Build.0 = Debug|Any CPU
		{FE22348C-BDE9-4FF3-8955-951C1E0065F4}.Debug|x64.ActiveCfg = Debug|Any CPU
		{FE22348C-BDE9-4FF3-8955-951C1E0065F4}.Debug|x64.Build.0 = Debug|Any CPU
		{FE22348C-BDE9-4FF3-8955-951C1E0065F4}.Debug|x86.ActiveCfg = Debug|Any CPU
		{FE22348C-BDE9-4FF3-8955-951C1E0065F4}.Debug|x86.Build.0 = Debug|Any CPU
		{FE22348C-BDE9-4FF3-8955-951C1E0065F4}.Release|Any CPU.ActiveCfg = Release|Any CPU
		{FE22348C-BDE9-4FF3-8955-951C1E0065F4}.Release|Any CPU.Build.0 = Release|Any CPU
		{FE22348C-BDE9-4FF3-8955-951C1E0065F4}.Release|x64.ActiveCfg = Release|Any CPU
		{FE22348C-BDE9-4FF3-8955-951C1E0065F4}.Release|x64.Build.0 = Release|Any CPU
		{FE22348C-BDE9-4FF3-8955-951C1E0065F4}.Release|x86.ActiveCfg = Release|Any CPU
		{FE22348C-BDE9-4FF3-8955-951C1E0065F4}.Release|x86.Build.0 = Release|Any CPU
		{0B3093F3-0548-4B5E-A5F5-444B8A6D9E8E}.Debug|Any CPU.ActiveCfg = Debug|Any CPU
		{0B3093F3-0548-4B5E-A5F5-444B8A6D9E8E}.Debug|Any CPU.Build.0 = Debug|Any CPU
		{0B3093F3-0548-4B5E-A5F5-444B8A6D9E8E}.Debug|x64.ActiveCfg = Debug|Any CPU
		{0B3093F3-0548-4B5E-A5F5-444B8A6D9E8E}.Debug|x64.Build.0 = Debug|Any CPU
		{0B3093F3-0548-4B5E-A5F5-444B8A6D9E8E}.Debug|x86.ActiveCfg = Debug|Any CPU
		{0B3093F3-0548-4B5E-A5F5-444B8A6D9E8E}.Debug|x86.Build.0 = Debug|Any CPU
		{0B3093F3-0548-4B5E-A5F5-444B8A6D9E8E}.Release|Any CPU.ActiveCfg = Release|Any CPU
		{0B3093F3-0548-4B5E-A5F5-444B8A6D9E8E}.Release|Any CPU.Build.0 = Release|Any CPU
		{0B3093F3-0548-4B5E-A5F5-444B8A6D9E8E}.Release|x64.ActiveCfg = Release|Any CPU
		{0B3093F3-0548-4B5E-A5F5-444B8A6D9E8E}.Release|x64.Build.0 = Release|Any CPU
		{0B3093F3-0548-4B5E-A5F5-444B8A6D9E8E}.Release|x86.ActiveCfg = Release|Any CPU
		{0B3093F3-0548-4B5E-A5F5-444B8A6D9E8E}.Release|x86.Build.0 = Release|Any CPU
		{93E479F6-3E23-4C7F-8965-EF2953956E81}.Debug|Any CPU.ActiveCfg = Debug|Any CPU
		{93E479F6-3E23-4C7F-8965-EF2953956E81}.Debug|Any CPU.Build.0 = Debug|Any CPU
		{93E479F6-3E23-4C7F-8965-EF2953956E81}.Debug|x64.ActiveCfg = Debug|Any CPU
		{93E479F6-3E23-4C7F-8965-EF2953956E81}.Debug|x64.Build.0 = Debug|Any CPU
		{93E479F6-3E23-4C7F-8965-EF2953956E81}.Debug|x86.ActiveCfg = Debug|Any CPU
		{93E479F6-3E23-4C7F-8965-EF2953956E81}.Debug|x86.Build.0 = Debug|Any CPU
		{93E479F6-3E23-4C7F-8965-EF2953956E81}.Release|Any CPU.ActiveCfg = Release|Any CPU
		{93E479F6-3E23-4C7F-8965-EF2953956E81}.Release|Any CPU.Build.0 = Release|Any CPU
		{93E479F6-3E23-4C7F-8965-EF2953956E81}.Release|x64.ActiveCfg = Release|Any CPU
		{93E479F6-3E23-4C7F-8965-EF2953956E81}.Release|x64.Build.0 = Release|Any CPU
		{93E479F6-3E23-4C7F-8965-EF2953956E81}.Release|x86.ActiveCfg = Release|Any CPU
		{93E479F6-3E23-4C7F-8965-EF2953956E81}.Release|x86.Build.0 = Release|Any CPU
		{634D82FC-336A-4EDF-9DC8-12A58AF06365}.Debug|Any CPU.ActiveCfg = Debug|Any CPU
		{634D82FC-336A-4EDF-9DC8-12A58AF06365}.Debug|Any CPU.Build.0 = Debug|Any CPU
		{634D82FC-336A-4EDF-9DC8-12A58AF06365}.Debug|x64.ActiveCfg = Debug|Any CPU
		{634D82FC-336A-4EDF-9DC8-12A58AF06365}.Debug|x64.Build.0 = Debug|Any CPU
		{634D82FC-336A-4EDF-9DC8-12A58AF06365}.Debug|x86.ActiveCfg = Debug|Any CPU
		{634D82FC-336A-4EDF-9DC8-12A58AF06365}.Debug|x86.Build.0 = Debug|Any CPU
		{634D82FC-336A-4EDF-9DC8-12A58AF06365}.Release|Any CPU.ActiveCfg = Release|Any CPU
		{634D82FC-336A-4EDF-9DC8-12A58AF06365}.Release|Any CPU.Build.0 = Release|Any CPU
		{634D82FC-336A-4EDF-9DC8-12A58AF06365}.Release|x64.ActiveCfg = Release|Any CPU
		{634D82FC-336A-4EDF-9DC8-12A58AF06365}.Release|x64.Build.0 = Release|Any CPU
		{634D82FC-336A-4EDF-9DC8-12A58AF06365}.Release|x86.ActiveCfg = Release|Any CPU
		{634D82FC-336A-4EDF-9DC8-12A58AF06365}.Release|x86.Build.0 = Release|Any CPU
	EndGlobalSection
	GlobalSection(NestedProjects) = preSolution
		{8AA44C3C-5FE4-4527-AD6C-4E283C48E68A} = {E2D9CB82-5DE7-4A61-89FC-C68F550970FA}
		{EDDD25DD-6B5B-4D94-9D09-AE621C7C8D9B} = {E2D9CB82-5DE7-4A61-89FC-C68F550970FA}
		{1033138D-92CB-42C5-B5C7-EE8B887734EA} = {E2D9CB82-5DE7-4A61-89FC-C68F550970FA}
		{FE22348C-BDE9-4FF3-8955-951C1E0065F4} = {E8E92169-80C2-4261-8581-5E3532730246}
		{965D8DB0-EB7B-4243-B292-46D6B1472D33} = {E2D9CB82-5DE7-4A61-89FC-C68F550970FA}
		{0B3093F3-0548-4B5E-A5F5-444B8A6D9E8E} = {965D8DB0-EB7B-4243-B292-46D6B1472D33}
		{93E479F6-3E23-4C7F-8965-EF2953956E81} = {965D8DB0-EB7B-4243-B292-46D6B1472D33}
		{634D82FC-336A-4EDF-9DC8-12A58AF06365} = {965D8DB0-EB7B-4243-B292-46D6B1472D33}
	EndGlobalSection
EndGlobal
