
Microsoft Visual Studio Solution File, Format Version 12.00
# Visual Studio Version 16
VisualStudioVersion = 16.0.30804.86
MinimumVisualStudioVersion = 10.0.40219.1
Project("{9A19103F-16F7-4668-BE54-9A1E7A4F7556}") = "Pwntainer.Persistence", "Pwntainer.Persistence\Pwntainer.Persistence.csproj", "{94EC431D-16A0-4E53-A49F-7034B04DF6C3}"
EndProject
Project("{9A19103F-16F7-4668-BE54-9A1E7A4F7556}") = "Pwntainer.Application", "Pwntainer.Application\Pwntainer.Application.csproj", "{0EE617E3-C19E-4BA3-83AA-44217A88E782}"
EndProject
Project("{9A19103F-16F7-4668-BE54-9A1E7A4F7556}") = "Pwntainer.AssetArchiver", "Pwntainer.AssetArchiver\Pwntainer.AssetArchiver.csproj", "{9BF94AA4-00F2-4CEC-A8BD-276D91C7B949}"
EndProject
Project("{2150E333-8FDC-42A3-9474-1A3956D46DE8}") = "Solution Items", "Solution Items", "{B767139F-A13C-4109-9199-30434682F591}"
	ProjectSection(SolutionItems) = preProject
		docker-compose.yml = docker-compose.yml
		README.md = README.md
	EndProjectSection
EndProject
Global
	GlobalSection(SolutionConfigurationPlatforms) = preSolution
		Debug|Any CPU = Debug|Any CPU
		Release|Any CPU = Release|Any CPU
	EndGlobalSection
	GlobalSection(ProjectConfigurationPlatforms) = postSolution
		{94EC431D-16A0-4E53-A49F-7034B04DF6C3}.Debug|Any CPU.ActiveCfg = Debug|Any CPU
		{94EC431D-16A0-4E53-A49F-7034B04DF6C3}.Debug|Any CPU.Build.0 = Debug|Any CPU
		{94EC431D-16A0-4E53-A49F-7034B04DF6C3}.Release|Any CPU.ActiveCfg = Release|Any CPU
		{94EC431D-16A0-4E53-A49F-7034B04DF6C3}.Release|Any CPU.Build.0 = Release|Any CPU
		{0EE617E3-C19E-4BA3-83AA-44217A88E782}.Debug|Any CPU.ActiveCfg = Debug|Any CPU
		{0EE617E3-C19E-4BA3-83AA-44217A88E782}.Debug|Any CPU.Build.0 = Debug|Any CPU
		{0EE617E3-C19E-4BA3-83AA-44217A88E782}.Release|Any CPU.ActiveCfg = Release|Any CPU
		{0EE617E3-C19E-4BA3-83AA-44217A88E782}.Release|Any CPU.Build.0 = Release|Any CPU
		{9BF94AA4-00F2-4CEC-A8BD-276D91C7B949}.Debug|Any CPU.ActiveCfg = Debug|Any CPU
		{9BF94AA4-00F2-4CEC-A8BD-276D91C7B949}.Debug|Any CPU.Build.0 = Debug|Any CPU
		{9BF94AA4-00F2-4CEC-A8BD-276D91C7B949}.Release|Any CPU.ActiveCfg = Release|Any CPU
		{9BF94AA4-00F2-4CEC-A8BD-276D91C7B949}.Release|Any CPU.Build.0 = Release|Any CPU
	EndGlobalSection
	GlobalSection(SolutionProperties) = preSolution
		HideSolutionNode = FALSE
	EndGlobalSection
	GlobalSection(ExtensibilityGlobals) = postSolution
		SolutionGuid = {E5281EA7-AE30-498A-9EEE-C5B02806FD6B}
	EndGlobalSection
EndGlobal
